<?xml version="1.0" encoding="utf-8"?>
<Project ToolsVersion="4.0" xmlns="http://schemas.microsoft.com/developer/msbuild/2003">
  <ItemGroup>
    <ClCompile Include="TITLE.cpp" />
    <ClCompile Include="RULE.cpp" />
    <ClCompile Include="PLAY.cpp" />
    <ClCompile Include="0_MAIN.cpp" />
    <ClCompile Include="NUMBER.cpp" />
    <ClCompile Include="PLAYER_CARD.cpp" />
    <ClCompile Include="PLAYER_DICE.cpp" />
    <ClCompile Include="CPU_CARD.cpp" />
    <ClCompile Include="CPU_DICE.cpp" />
    <ClCompile Include="PLAYER_CHIP.cpp" />
    <ClCompile Include="CPU_CHIP.cpp" />
    <ClCompile Include="GAME.cpp" />
    <ClCompile Include="RESULT.cpp" />
  </ItemGroup>
  <ItemGroup>
    <ResourceCompile Include="resource.rc" />
  </ItemGroup>
  <ItemGroup>
    <ClInclude Include="CONTAINER.h" />
    <ClInclude Include="TITLE.h" />
    <ClInclude Include="RULE.h" />
    <ClInclude Include="PLAY.h" />
    <ClInclude Include="NUMBER.h" />
    <ClInclude Include="CPU_CARD.h" />
    <ClInclude Include="PLAYER_CARD.h" />
    <ClInclude Include="PLAYER_DICE.h" />
    <ClInclude Include="CPU_DICE.h" />
    <ClInclude Include="PLAYER_CHIP.h" />
    <ClInclude Include="CPU_CHIP.h" />
    <ClInclude Include="GAME.h" />
    <ClInclude Include="RESULT.h" />
  </ItemGroup>
</Project>